
Microsoft Visual Studio Solution File, Format Version 12.00
# Visual Studio Version 17
VisualStudioVersion = 17.9.34728.123
MinimumVisualStudioVersion = 10.0.40219.1
Project("{FAE04EC0-301F-11D3-BF4B-00C04F79EFBC}") = "ss01", "ss01\ss01.csproj", "{0625411E-EA3C-4C9D-82F5-F24CC37C8A5C}"
EndProject
Global
	GlobalSection(SolutionConfigurationPlatforms) = preSolution
		Debug|Any CPU = Debug|Any CPU
		Release|Any CPU = Release|Any CPU
	EndGlobalSection
	GlobalSection(ProjectConfigurationPlatforms) = postSolution
		{0625411E-EA3C-4C9D-82F5-F24CC37C8A5C}.Debug|Any CPU.ActiveCfg = Debug|Any CPU
		{0625411E-EA3C-4C9D-82F5-F24CC37C8A5C}.Debug|Any CPU.Build.0 = Debug|Any CPU
		{0625411E-EA3C-4C9D-82F5-F24CC37C8A5C}.Release|Any CPU.ActiveCfg = Release|Any CPU
		{0625411E-EA3C-4C9D-82F5-F24CC37C8A5C}.Release|Any CPU.Build.0 = Release|Any CPU
	EndGlobalSection
	GlobalSection(SolutionProperties) = preSolution
		HideSolutionNode = FALSE
	EndGlobalSection
	GlobalSection(ExtensibilityGlobals) = postSolution
		SolutionGuid = {650E767F-CD8A-45DF-A100-FB12D4101821}
	EndGlobalSection
EndGlobal
