
Microsoft Visual Studio Solution File, Format Version 12.00
# Visual Studio Version 17
VisualStudioVersion = 17.9.34728.123
MinimumVisualStudioVersion = 10.0.40219.1
Project("{FAE04EC0-301F-11D3-BF4B-00C04F79EFBC}") = "WebApplication1", "WebApplication1\WebApplication1.csproj", "{623A1C07-E9A2-496B-92B8-404AAB778BD5}"
EndProject
Global
	GlobalSection(SolutionConfigurationPlatforms) = preSolution
		Debug|Any CPU = Debug|Any CPU
		Release|Any CPU = Release|Any CPU
	EndGlobalSection
	GlobalSection(ProjectConfigurationPlatforms) = postSolution
		{623A1C07-E9A2-496B-92B8-404AAB778BD5}.Debug|Any CPU.ActiveCfg = Debug|Any CPU
		{623A1C07-E9A2-496B-92B8-404AAB778BD5}.Debug|Any CPU.Build.0 = Debug|Any CPU
		{623A1C07-E9A2-496B-92B8-404AAB778BD5}.Release|Any CPU.ActiveCfg = Release|Any CPU
		{623A1C07-E9A2-496B-92B8-404AAB778BD5}.Release|Any CPU.Build.0 = Release|Any CPU
	EndGlobalSection
	GlobalSection(SolutionProperties) = preSolution
		HideSolutionNode = FALSE
	EndGlobalSection
	GlobalSection(ExtensibilityGlobals) = postSolution
		SolutionGuid = {B6B6C817-EBB1-4D61-8CBA-13A34E603595}
	EndGlobalSection
EndGlobal
