
Microsoft Visual Studio Solution File, Format Version 12.00
# Visual Studio Version 17
VisualStudioVersion = 17.9.34728.123
MinimumVisualStudioVersion = 10.0.40219.1
Project("{FAE04EC0-301F-11D3-BF4B-00C04F79EFBC}") = "ss04", "ss04\ss04.csproj", "{344D2759-0C12-4482-8104-D26CD5FD962A}"
EndProject
Global
	GlobalSection(SolutionConfigurationPlatforms) = preSolution
		Debug|Any CPU = Debug|Any CPU
		Release|Any CPU = Release|Any CPU
	EndGlobalSection
	GlobalSection(ProjectConfigurationPlatforms) = postSolution
		{344D2759-0C12-4482-8104-D26CD5FD962A}.Debug|Any CPU.ActiveCfg = Debug|Any CPU
		{344D2759-0C12-4482-8104-D26CD5FD962A}.Debug|Any CPU.Build.0 = Debug|Any CPU
		{344D2759-0C12-4482-8104-D26CD5FD962A}.Release|Any CPU.ActiveCfg = Release|Any CPU
		{344D2759-0C12-4482-8104-D26CD5FD962A}.Release|Any CPU.Build.0 = Release|Any CPU
	EndGlobalSection
	GlobalSection(SolutionProperties) = preSolution
		HideSolutionNode = FALSE
	EndGlobalSection
	GlobalSection(ExtensibilityGlobals) = postSolution
		SolutionGuid = {5B3156A8-5ED8-429A-BF26-6B6F0C65797C}
	EndGlobalSection
EndGlobal
