
Microsoft Visual Studio Solution File, Format Version 12.00
# Visual Studio Version 17
VisualStudioVersion = 17.9.34728.123
MinimumVisualStudioVersion = 10.0.40219.1
Project("{FAE04EC0-301F-11D3-BF4B-00C04F79EFBC}") = "DATAADAPTER_DATASET_DATATABLE", "DATAADAPTER_DATASET_DATATABLE\DATAADAPTER_DATASET_DATATABLE.csproj", "{5DA74BB4-9CDC-4817-A432-D360E7B7E498}"
EndProject
Global
	GlobalSection(SolutionConfigurationPlatforms) = preSolution
		Debug|Any CPU = Debug|Any CPU
		Release|Any CPU = Release|Any CPU
	EndGlobalSection
	GlobalSection(ProjectConfigurationPlatforms) = postSolution
		{5DA74BB4-9CDC-4817-A432-D360E7B7E498}.Debug|Any CPU.ActiveCfg = Debug|Any CPU
		{5DA74BB4-9CDC-4817-A432-D360E7B7E498}.Debug|Any CPU.Build.0 = Debug|Any CPU
		{5DA74BB4-9CDC-4817-A432-D360E7B7E498}.Release|Any CPU.ActiveCfg = Release|Any CPU
		{5DA74BB4-9CDC-4817-A432-D360E7B7E498}.Release|Any CPU.Build.0 = Release|Any CPU
	EndGlobalSection
	GlobalSection(SolutionProperties) = preSolution
		HideSolutionNode = FALSE
	EndGlobalSection
	GlobalSection(ExtensibilityGlobals) = postSolution
		SolutionGuid = {67B31EAD-F6CA-4076-91FA-514A9678C208}
	EndGlobalSection
EndGlobal
